
Microsoft Visual Studio Solution File, Format Version 12.00
# Visual Studio Version 17
VisualStudioVersion = 17.0.31912.275
MinimumVisualStudioVersion = 10.0.40219.1
Project("{9A19103F-16F7-4668-BE54-9A1E7A4F7556}") = "PhoneBook", "PhoneBook\PhoneBook.csproj", "{456D29C5-8FDE-4E3B-B9A2-766AFBEF5404}"
EndProject
Project("{9A19103F-16F7-4668-BE54-9A1E7A4F7556}") = "PhoneBook.DataLayer", "PhoneBook.DataLayer\PhoneBook.DataLayer.csproj", "{EAF0C874-2013-4E52-AA83-01C2D4D8B074}"
EndProject
Project("{FAE04EC0-301F-11D3-BF4B-00C04F79EFBC}") = "PhoneBook.Services", "PhoneBook.Services\PhoneBook.Services.csproj", "{EB458B87-D743-4747-89BD-6625EA879DA6}"
EndProject
Global
	GlobalSection(SolutionConfigurationPlatforms) = preSolution
		Debug|Any CPU = Debug|Any CPU
		Release|Any CPU = Release|Any CPU
	EndGlobalSection
	GlobalSection(ProjectConfigurationPlatforms) = postSolution
		{456D29C5-8FDE-4E3B-B9A2-766AFBEF5404}.Debug|Any CPU.ActiveCfg = Debug|Any CPU
		{456D29C5-8FDE-4E3B-B9A2-766AFBEF5404}.Debug|Any CPU.Build.0 = Debug|Any CPU
		{456D29C5-8FDE-4E3B-B9A2-766AFBEF5404}.Release|Any CPU.ActiveCfg = Release|Any CPU
		{456D29C5-8FDE-4E3B-B9A2-766AFBEF5404}.Release|Any CPU.Build.0 = Release|Any CPU
		{EAF0C874-2013-4E52-AA83-01C2D4D8B074}.Debug|Any CPU.ActiveCfg = Debug|Any CPU
		{EAF0C874-2013-4E52-AA83-01C2D4D8B074}.Debug|Any CPU.Build.0 = Debug|Any CPU
		{EAF0C874-2013-4E52-AA83-01C2D4D8B074}.Release|Any CPU.ActiveCfg = Release|Any CPU
		{EAF0C874-2013-4E52-AA83-01C2D4D8B074}.Release|Any CPU.Build.0 = Release|Any CPU
		{EB458B87-D743-4747-89BD-6625EA879DA6}.Debug|Any CPU.ActiveCfg = Debug|Any CPU
		{EB458B87-D743-4747-89BD-6625EA879DA6}.Debug|Any CPU.Build.0 = Debug|Any CPU
		{EB458B87-D743-4747-89BD-6625EA879DA6}.Release|Any CPU.ActiveCfg = Release|Any CPU
		{EB458B87-D743-4747-89BD-6625EA879DA6}.Release|Any CPU.Build.0 = Release|Any CPU
	EndGlobalSection
	GlobalSection(SolutionProperties) = preSolution
		HideSolutionNode = FALSE
	EndGlobalSection
	GlobalSection(ExtensibilityGlobals) = postSolution
		SolutionGuid = {F181EEAA-C2D8-4174-8587-533772A39CB7}
	EndGlobalSection
EndGlobal
